# This file is automatically @generated by Cargo.
# It is not intended for manual editing.
version = 4

[[package]]
name = "benshi"
version = "0.1.0"
dependencies = [
 "benshi-cli",
 "benshi-daemon",
 "benshi-tray",
]

[[package]]
name = "benshi-cli"
version = "0.1.0"
dependencies = [
 "benshi-core",
]

[[package]]
name = "benshi-core"
version = "0.1.0"

[[package]]
name = "benshi-daemon"
version = "0.1.0"
dependencies = [
 "benshi-core",
 "benshi-detect",
 "benshi-sinks",
 "benshi-store",
 "benshi-sync",
]

[[package]]
name = "benshi-detect"
version = "0.1.0"
dependencies = [
 "benshi-core",
]

[[package]]
name = "benshi-sinks"
version = "0.1.0"
dependencies = [
 "benshi-core",
]

[[package]]
name = "benshi-store"
version = "0.1.0"
dependencies = [
 "benshi-core",
]

[[package]]
name = "benshi-sync"
version = "0.1.0"
dependencies = [
 "benshi-core",
]

[[package]]
name = "benshi-tray"
version = "0.1.0"
dependencies = [
 "benshi-core",
]
